
Microsoft Visual Studio Solution File, Format Version 12.00
# Visual Studio 14
VisualStudioVersion = 14.0.25123.0
MinimumVisualStudioVersion = 10.0.40219.1
Project("{FAE04EC0-301F-11D3-BF4B-00C04F79EFBC}") = "MicrokernelHandsOn.Contract", "MicrokernelHandsOn.Contract\MicrokernelHandsOn.Contract.csproj", "{D97E4E08-63AA-418F-A254-6180F935F9CB}"
EndProject
Project("{FAE04EC0-301F-11D3-BF4B-00C04F79EFBC}") = "MicrokernelHandsOn.Plugin", "MicrokernelHandsOn.Plugin\MicrokernelHandsOn.Plugin.csproj", "{B089CD1A-88C9-4BAA-8297-8693B6C00406}"
EndProject
Project("{FAE04EC0-301F-11D3-BF4B-00C04F79EFBC}") = "MicrokernelHandsOn.Core", "MicrokernelHandsOn.Core\MicrokernelHandsOn.Core.csproj", "{7CBC3246-7AEC-4BCC-94F0-D249E0DA46E8}"
EndProject
Global
	GlobalSection(SolutionConfigurationPlatforms) = preSolution
		Debug|Any CPU = Debug|Any CPU
		Release|Any CPU = Release|Any CPU
	EndGlobalSection
	GlobalSection(ProjectConfigurationPlatforms) = postSolution
		{D97E4E08-63AA-418F-A254-6180F935F9CB}.Debug|Any CPU.ActiveCfg = Debug|Any CPU
		{D97E4E08-63AA-418F-A254-6180F935F9CB}.Debug|Any CPU.Build.0 = Debug|Any CPU
		{D97E4E08-63AA-418F-A254-6180F935F9CB}.Release|Any CPU.ActiveCfg = Release|Any CPU
		{D97E4E08-63AA-418F-A254-6180F935F9CB}.Release|Any CPU.Build.0 = Release|Any CPU
		{B089CD1A-88C9-4BAA-8297-8693B6C00406}.Debug|Any CPU.ActiveCfg = Debug|Any CPU
		{B089CD1A-88C9-4BAA-8297-8693B6C00406}.Debug|Any CPU.Build.0 = Debug|Any CPU
		{B089CD1A-88C9-4BAA-8297-8693B6C00406}.Release|Any CPU.ActiveCfg = Release|Any CPU
		{B089CD1A-88C9-4BAA-8297-8693B6C00406}.Release|Any CPU.Build.0 = Release|Any CPU
		{7CBC3246-7AEC-4BCC-94F0-D249E0DA46E8}.Debug|Any CPU.ActiveCfg = Debug|Any CPU
		{7CBC3246-7AEC-4BCC-94F0-D249E0DA46E8}.Debug|Any CPU.Build.0 = Debug|Any CPU
		{7CBC3246-7AEC-4BCC-94F0-D249E0DA46E8}.Release|Any CPU.ActiveCfg = Release|Any CPU
		{7CBC3246-7AEC-4BCC-94F0-D249E0DA46E8}.Release|Any CPU.Build.0 = Release|Any CPU
	EndGlobalSection
	GlobalSection(SolutionProperties) = preSolution
		HideSolutionNode = FALSE
	EndGlobalSection
EndGlobal
